// !$*UTF8*$!
{
	archiveVersion = 1;
	classes = {
	};
	objectVersion = 46;
	objects = {

/* Begin PBXBuildFile section */
		3488A98A1DE2FDB000348BCF /* main.swift in Sources */ = {isa = PBXBuildFile; fileRef = 3488A9891DE2FDB000348BCF /* main.swift */; };
		3488A9921DE2FEE600348BCF /* LexicalStructure.swift in Sources */ = {isa = PBXBuildFile; fileRef = 3488A9911DE2FEE600348BCF /* LexicalStructure.swift */; };
		3488A9941DE3F62700348BCF /* BasicOperator.swift in Sources */ = {isa = PBXBuildFile; fileRef = 3488A9931DE3F62700348BCF /* BasicOperator.swift */; };
		34FB941B1E03C8F900C040F4 /* Functions.swift in Sources */ = {isa = PBXBuildFile; fileRef = 34FB941A1E03C8F900C040F4 /* Functions.swift */; };
		74F208971DE495A300B472C8 /* Strings&Characters.swift in Sources */ = {isa = PBXBuildFile; fileRef = 74F208961DE495A300B472C8 /* Strings&Characters.swift */; };
		74F208991DE5E7EF00B472C8 /* CollectionTypes.swift in Sources */ = {isa = PBXBuildFile; fileRef = 74F208981DE5E7EF00B472C8 /* CollectionTypes.swift */; };
		74FB29A81DF700450056B144 /* ControlFlow.swift in Sources */ = {isa = PBXBuildFile; fileRef = 74FB29A71DF700450056B144 /* ControlFlow.swift */; };
/* End PBXBuildFile section */

/* Begin PBXCopyFilesBuildPhase section */
		3488A9841DE2FDAF00348BCF /* CopyFiles */ = {
			isa = PBXCopyFilesBuildPhase;
			buildActionMask = 2147483647;
			dstPath = /usr/share/man/man1/;
			dstSubfolderSpec = 0;
			files = (
			);
			runOnlyForDeploymentPostprocessing = 1;
		};
/* End PBXCopyFilesBuildPhase section */

/* Begin PBXFileReference section */
		3488A9861DE2FDB000348BCF /* SwiftLearning */ = {isa = PBXFileReference; explicitFileType = "compiled.mach-o.executable"; includeInIndex = 0; path = SwiftLearning; sourceTree = BUILT_PRODUCTS_DIR; };
		3488A9891DE2FDB000348BCF /* main.swift */ = {isa = PBXFileReference; lastKnownFileType = sourcecode.swift; path = main.swift; sourceTree = "<group>"; };
		3488A9911DE2FEE600348BCF /* LexicalStructure.swift */ = {isa = PBXFileReference; fileEncoding = 4; lastKnownFileType = sourcecode.swift; path = LexicalStructure.swift; sourceTree = "<group>"; };
		3488A9931DE3F62700348BCF /* BasicOperator.swift */ = {isa = PBXFileReference; fileEncoding = 4; lastKnownFileType = sourcecode.swift; path = BasicOperator.swift; sourceTree = "<group>"; };
		34FB941A1E03C8F900C040F4 /* Functions.swift */ = {isa = PBXFileReference; fileEncoding = 4; lastKnownFileType = sourcecode.swift; path = Functions.swift; sourceTree = "<group>"; };
		74F208961DE495A300B472C8 /* Strings&Characters.swift */ = {isa = PBXFileReference; fileEncoding = 4; lastKnownFileType = sourcecode.swift; path = "Strings&Characters.swift"; sourceTree = "<group>"; };
		74F208981DE5E7EF00B472C8 /* CollectionTypes.swift */ = {isa = PBXFileReference; fileEncoding = 4; lastKnownFileType = sourcecode.swift; name = CollectionTypes.swift; path = ../CollectionTypes.swift; sourceTree = "<group>"; };
		74FB29A71DF700450056B144 /* ControlFlow.swift */ = {isa = PBXFileReference; fileEncoding = 4; lastKnownFileType = sourcecode.swift; path = ControlFlow.swift; sourceTree = "<group>"; };
/* End PBXFileReference section */

/* Begin PBXFrameworksBuildPhase section */
		3488A9831DE2FDAF00348BCF /* Frameworks */ = {
			isa = PBXFrameworksBuildPhase;
			buildActionMask = 2147483647;
			files = (
			);
			runOnlyForDeploymentPostprocessing = 0;
		};
/* End PBXFrameworksBuildPhase section */

/* Begin PBXGroup section */
		3488A97D1DE2FDAE00348BCF = {
			isa = PBXGroup;
			children = (
				3488A9881DE2FDB000348BCF /* SwiftLearning */,
				3488A9871DE2FDB000348BCF /* Products */,
			);
			sourceTree = "<group>";
		};
		3488A9871DE2FDB000348BCF /* Products */ = {
			isa = PBXGroup;
			children = (
				3488A9861DE2FDB000348BCF /* SwiftLearning */,
			);
			name = Products;
			sourceTree = "<group>";
		};
		3488A9881DE2FDB000348BCF /* SwiftLearning */ = {
			isa = PBXGroup;
			children = (
				3488A9901DE2FE6700348BCF /* syntax */,
				3488A9891DE2FDB000348BCF /* main.swift */,
			);
			path = SwiftLearning;
			sourceTree = "<group>";
		};
		3488A9901DE2FE6700348BCF /* syntax */ = {
			isa = PBXGroup;
			children = (
				3488A9911DE2FEE600348BCF /* LexicalStructure.swift */,
				3488A9931DE3F62700348BCF /* BasicOperator.swift */,
				74F208961DE495A300B472C8 /* Strings&Characters.swift */,
				74F208981DE5E7EF00B472C8 /* CollectionTypes.swift */,
				74FB29A71DF700450056B144 /* ControlFlow.swift */,
				34FB941A1E03C8F900C040F4 /* Functions.swift */,
			);
			path = syntax;
			sourceTree = "<group>";
		};
/* End PBXGroup section */

/* Begin PBXNativeTarget section */
		3488A9851DE2FDAF00348BCF /* SwiftLearning */ = {
			isa = PBXNativeTarget;
			buildConfigurationList = 3488A98D1DE2FDB000348BCF /* Build configuration list for PBXNativeTarget "SwiftLearning" */;
			buildPhases = (
				3488A9821DE2FDAF00348BCF /* Sources */,
				3488A9831DE2FDAF00348BCF /* Frameworks */,
				3488A9841DE2FDAF00348BCF /* CopyFiles */,
			);
			buildRules = (
			);
			dependencies = (
			);
			name = SwiftLearning;
			productName = SwiftLearning;
			productReference = 3488A9861DE2FDB000348BCF /* SwiftLearning */;
			productType = "com.apple.product-type.tool";
		};
/* End PBXNativeTarget section */

/* Begin PBXProject section */
		3488A97E1DE2FDAE00348BCF /* Project object */ = {
			isa = PBXProject;
			attributes = {
				LastSwiftUpdateCheck = 0810;
				LastUpgradeCheck = 0810;
				ORGANIZATIONNAME = none;
				TargetAttributes = {
					3488A9851DE2FDAF00348BCF = {
						CreatedOnToolsVersion = 8.1;
						ProvisioningStyle = Automatic;
					};
				};
			};
			buildConfigurationList = 3488A9811DE2FDAE00348BCF /* Build configuration list for PBXProject "SwiftLearning" */;
			compatibilityVersion = "Xcode 3.2";
			developmentRegion = English;
			hasScannedForEncodings = 0;
			knownRegions = (
				en,
			);
			mainGroup = 3488A97D1DE2FDAE00348BCF;
			productRefGroup = 3488A9871DE2FDB000348BCF /* Products */;
			projectDirPath = "";
			projectRoot = "";
			targets = (
				3488A9851DE2FDAF00348BCF /* SwiftLearning */,
			);
		};
/* End PBXProject section */

/* Begin PBXSourcesBuildPhase section */
		3488A9821DE2FDAF00348BCF /* Sources */ = {
			isa = PBXSourcesBuildPhase;
			buildActionMask = 2147483647;
			files = (
				3488A9921DE2FEE600348BCF /* LexicalStructure.swift in Sources */,
				74FB29A81DF700450056B144 /* ControlFlow.swift in Sources */,
				3488A9941DE3F62700348BCF /* BasicOperator.swift in Sources */,
				34FB941B1E03C8F900C040F4 /* Functions.swift in Sources */,
				3488A98A1DE2FDB000348BCF /* main.swift in Sources */,
				74F208991DE5E7EF00B472C8 /* CollectionTypes.swift in Sources */,
				74F208971DE495A300B472C8 /* Strings&Characters.swift in Sources */,
			);
			runOnlyForDeploymentPostprocessing = 0;
		};
/* End PBXSourcesBuildPhase section */

/* Begin XCBuildConfiguration section */
		3488A98B1DE2FDB000348BCF /* Debug */ = {
			isa = XCBuildConfiguration;
			buildSettings = {
				ALWAYS_SEARCH_USER_PATHS = NO;
				CLANG_ANALYZER_NONNULL = YES;
				CLANG_CXX_LANGUAGE_STANDARD = "gnu++0x";
				CLANG_CXX_LIBRARY = "libc++";
				CLANG_ENABLE_MODULES = YES;
				CLANG_ENABLE_OBJC_ARC = YES;
				CLANG_WARN_BOOL_CONVERSION = YES;
				CLANG_WARN_CONSTANT_CONVERSION = YES;
				CLANG_WARN_DIRECT_OBJC_ISA_USAGE = YES_ERROR;
				CLANG_WARN_DOCUMENTATION_COMMENTS = YES;
				CLANG_WARN_EMPTY_BODY = YES;
				CLANG_WARN_ENUM_CONVERSION = YES;
				CLANG_WARN_INFINITE_RECURSION = YES;
				CLANG_WARN_INT_CONVERSION = YES;
				CLANG_WARN_OBJC_ROOT_CLASS = YES_ERROR;
				CLANG_WARN_SUSPICIOUS_MOVES = YES;
				CLANG_WARN_UNREACHABLE_CODE = YES;
				CLANG_WARN__DUPLICATE_METHOD_MATCH = YES;
				CODE_SIGN_IDENTITY = "-";
				COPY_PHASE_STRIP = NO;
				DEBUG_INFORMATION_FORMAT = dwarf;
				ENABLE_STRICT_OBJC_MSGSEND = YES;
				ENABLE_TESTABILITY = YES;
				GCC_C_LANGUAGE_STANDARD = gnu99;
				GCC_DYNAMIC_NO_PIC = NO;
				GCC_NO_COMMON_BLOCKS = YES;
				GCC_OPTIMIZATION_LEVEL = 0;
				GCC_PREPROCESSOR_DEFINITIONS = (
					"DEBUG=1",
					"$(inherited)",
				);
				GCC_WARN_64_TO_32_BIT_CONVERSION = YES;
				GCC_WARN_ABOUT_RETURN_TYPE = YES_ERROR;
				GCC_WARN_UNDECLARED_SELECTOR = YES;
				GCC_WARN_UNINITIALIZED_AUTOS = YES_AGGRESSIVE;
				GCC_WARN_UNUSED_FUNCTION = YES;
				GCC_WARN_UNUSED_VARIABLE = YES;
				MACOSX_DEPLOYMENT_TARGET = 10.11;
				MTL_ENABLE_DEBUG_INFO = YES;
				ONLY_ACTIVE_ARCH = YES;
				SDKROOT = macosx;
				SWIFT_OPTIMIZATION_LEVEL = "-Onone";
			};
			name = Debug;
		};
		3488A98C1DE2FDB000348BCF /* Release */ = {
			isa = XCBuildConfiguration;
			buildSettings = {
				ALWAYS_SEARCH_USER_PATHS = NO;
				CLANG_ANALYZER_NONNULL = YES;
				CLANG_CXX_LANGUAGE_STANDARD = "gnu++0x";
				CLANG_CXX_LIBRARY = "libc++";
				CLANG_ENABLE_MODULES = YES;
				CLANG_ENABLE_OBJC_ARC = YES;
				CLANG_WARN_BOOL_CONVERSION = YES;
				CLANG_WARN_CONSTANT_CONVERSION = YES;
				CLANG_WARN_DIRECT_OBJC_ISA_USAGE = YES_ERROR;
				CLANG_WARN_DOCUMENTATION_COMMENTS = YES;
				CLANG_WARN_EMPTY_BODY = YES;
				CLANG_WARN_ENUM_CONVERSION = YES;
				CLANG_WARN_INFINITE_RECURSION = YES;
				CLANG_WARN_INT_CONVERSION = YES;
				CLANG_WARN_OBJC_ROOT_CLASS = YES_ERROR;
				CLANG_WARN_SUSPICIOUS_MOVES = YES;
				CLANG_WARN_UNREACHABLE_CODE = YES;
				CLANG_WARN__DUPLICATE_METHOD_MATCH = YES;
				CODE_SIGN_IDENTITY = "-";
				COPY_PHASE_STRIP = NO;
				DEBUG_INFORMATION_FORMAT = "dwarf-with-dsym";
				ENABLE_NS_ASSERTIONS = NO;
				ENABLE_STRICT_OBJC_MSGSEND = YES;
				GCC_C_LANGUAGE_STANDARD = gnu99;
				GCC_NO_COMMON_BLOCKS = YES;
				GCC_WARN_64_TO_32_BIT_CONVERSION = YES;
				GCC_WARN_ABOUT_RETURN_TYPE = YES_ERROR;
				GCC_WARN_UNDECLARED_SELECTOR = YES;
				GCC_WARN_UNINITIALIZED_AUTOS = YES_AGGRESSIVE;
				GCC_WARN_UNUSED_FUNCTION = YES;
				GCC_WARN_UNUSED_VARIABLE = YES;
				MACOSX_DEPLOYMENT_TARGET = 10.11;
				MTL_ENABLE_DEBUG_INFO = NO;
				SDKROOT = macosx;
			};
			name = Release;
		};
		3488A98E1DE2FDB000348BCF /* Debug */ = {
			isa = XCBuildConfiguration;
			buildSettings = {
				PRODUCT_NAME = "$(TARGET_NAME)";
				SWIFT_VERSION = 3.0;
			};
			name = Debug;
		};
		3488A98F1DE2FDB000348BCF /* Release */ = {
			isa = XCBuildConfiguration;
			buildSettings = {
				PRODUCT_NAME = "$(TARGET_NAME)";
				SWIFT_VERSION = 3.0;
			};
			name = Release;
		};
/* End XCBuildConfiguration section */

/* Begin XCConfigurationList section */
		3488A9811DE2FDAE00348BCF /* Build configuration list for PBXProject "SwiftLearning" */ = {
			isa = XCConfigurationList;
			buildConfigurations = (
				3488A98B1DE2FDB000348BCF /* Debug */,
				3488A98C1DE2FDB000348BCF /* Release */,
			);
			defaultConfigurationIsVisible = 0;
			defaultConfigurationName = Release;
		};
		3488A98D1DE2FDB000348BCF /* Build configuration list for PBXNativeTarget "SwiftLearning" */ = {
			isa = XCConfigurationList;
			buildConfigurations = (
				3488A98E1DE2FDB000348BCF /* Debug */,
				3488A98F1DE2FDB000348BCF /* Release */,
			);
			defaultConfigurationIsVisible = 0;
			defaultConfigurationName = Release;
		};
/* End XCConfigurationList section */
	};
	rootObject = 3488A97E1DE2FDAE00348BCF /* Project object */;
}
